
Microsoft Visual Studio Solution File, Format Version 12.00
# Visual Studio Version 17
VisualStudioVersion = 17.3.32929.385
MinimumVisualStudioVersion = 10.0.40219.1
Project("{FAE04EC0-301F-11D3-BF4B-00C04F79EFBC}") = "1. Furniture", "1. Furniture\1. Furniture.csproj", "{EA439A5E-3B88-4399-B973-28F95BF855C2}"
EndProject
Project("{FAE04EC0-301F-11D3-BF4B-00C04F79EFBC}") = "2. Race", "2. Race\2. Race.csproj", "{48A31441-EED7-4FE7-B6CA-F01FEC0F4D11}"
EndProject
Project("{FAE04EC0-301F-11D3-BF4B-00C04F79EFBC}") = "03. SoftUni Bar Income", "03. SoftUni Bar Income\03. SoftUni Bar Income.csproj", "{BAE4C2F8-5272-4D93-8664-F669D7FA7FAC}"
EndProject
Project("{FAE04EC0-301F-11D3-BF4B-00C04F79EFBC}") = "04. Star Enigma", "04. Star Enigma\04. Star Enigma.csproj", "{EDFE60B4-D52B-40FB-8153-012B558C6E90}"
EndProject
Global
	GlobalSection(SolutionConfigurationPlatforms) = preSolution
		Debug|Any CPU = Debug|Any CPU
		Release|Any CPU = Release|Any CPU
	EndGlobalSection
	GlobalSection(ProjectConfigurationPlatforms) = postSolution
		{EA439A5E-3B88-4399-B973-28F95BF855C2}.Debug|Any CPU.ActiveCfg = Debug|Any CPU
		{EA439A5E-3B88-4399-B973-28F95BF855C2}.Debug|Any CPU.Build.0 = Debug|Any CPU
		{EA439A5E-3B88-4399-B973-28F95BF855C2}.Release|Any CPU.ActiveCfg = Release|Any CPU
		{EA439A5E-3B88-4399-B973-28F95BF855C2}.Release|Any CPU.Build.0 = Release|Any CPU
		{48A31441-EED7-4FE7-B6CA-F01FEC0F4D11}.Debug|Any CPU.ActiveCfg = Debug|Any CPU
		{48A31441-EED7-4FE7-B6CA-F01FEC0F4D11}.Debug|Any CPU.Build.0 = Debug|Any CPU
		{48A31441-EED7-4FE7-B6CA-F01FEC0F4D11}.Release|Any CPU.ActiveCfg = Release|Any CPU
		{48A31441-EED7-4FE7-B6CA-F01FEC0F4D11}.Release|Any CPU.Build.0 = Release|Any CPU
		{BAE4C2F8-5272-4D93-8664-F669D7FA7FAC}.Debug|Any CPU.ActiveCfg = Debug|Any CPU
		{BAE4C2F8-5272-4D93-8664-F669D7FA7FAC}.Debug|Any CPU.Build.0 = Debug|Any CPU
		{BAE4C2F8-5272-4D93-8664-F669D7FA7FAC}.Release|Any CPU.ActiveCfg = Release|Any CPU
		{BAE4C2F8-5272-4D93-8664-F669D7FA7FAC}.Release|Any CPU.Build.0 = Release|Any CPU
		{EDFE60B4-D52B-40FB-8153-012B558C6E90}.Debug|Any CPU.ActiveCfg = Debug|Any CPU
		{EDFE60B4-D52B-40FB-8153-012B558C6E90}.Debug|Any CPU.Build.0 = Debug|Any CPU
		{EDFE60B4-D52B-40FB-8153-012B558C6E90}.Release|Any CPU.ActiveCfg = Release|Any CPU
		{EDFE60B4-D52B-40FB-8153-012B558C6E90}.Release|Any CPU.Build.0 = Release|Any CPU
	EndGlobalSection
	GlobalSection(SolutionProperties) = preSolution
		HideSolutionNode = FALSE
	EndGlobalSection
	GlobalSection(ExtensibilityGlobals) = postSolution
		SolutionGuid = {6087ABC2-C47F-40D2-8DC5-756582639EE7}
	EndGlobalSection
EndGlobal
