
Microsoft Visual Studio Solution File, Format Version 12.00
# Visual Studio Version 17
VisualStudioVersion = 17.3.32929.385
MinimumVisualStudioVersion = 10.0.40219.1
Project("{FAE04EC0-301F-11D3-BF4B-00C04F79EFBC}") = "01. Match Full Name", "01. Match Full Name\01. Match Full Name.csproj", "{A9A62962-B38C-4167-BD14-218086E35C11}"
EndProject
Project("{FAE04EC0-301F-11D3-BF4B-00C04F79EFBC}") = "02. Match Phone Number", "02. Match Phone Number\02. Match Phone Number.csproj", "{F7A4A91C-D93E-4913-A5AF-F94F8466E4DA}"
EndProject
Project("{FAE04EC0-301F-11D3-BF4B-00C04F79EFBC}") = "03. Match Dates", "03. Match Dates\03. Match Dates.csproj", "{610697A5-A034-46A0-80B3-4C124B36606B}"
EndProject
Global
	GlobalSection(SolutionConfigurationPlatforms) = preSolution
		Debug|Any CPU = Debug|Any CPU
		Release|Any CPU = Release|Any CPU
	EndGlobalSection
	GlobalSection(ProjectConfigurationPlatforms) = postSolution
		{A9A62962-B38C-4167-BD14-218086E35C11}.Debug|Any CPU.ActiveCfg = Debug|Any CPU
		{A9A62962-B38C-4167-BD14-218086E35C11}.Debug|Any CPU.Build.0 = Debug|Any CPU
		{A9A62962-B38C-4167-BD14-218086E35C11}.Release|Any CPU.ActiveCfg = Release|Any CPU
		{A9A62962-B38C-4167-BD14-218086E35C11}.Release|Any CPU.Build.0 = Release|Any CPU
		{F7A4A91C-D93E-4913-A5AF-F94F8466E4DA}.Debug|Any CPU.ActiveCfg = Debug|Any CPU
		{F7A4A91C-D93E-4913-A5AF-F94F8466E4DA}.Debug|Any CPU.Build.0 = Debug|Any CPU
		{F7A4A91C-D93E-4913-A5AF-F94F8466E4DA}.Release|Any CPU.ActiveCfg = Release|Any CPU
		{F7A4A91C-D93E-4913-A5AF-F94F8466E4DA}.Release|Any CPU.Build.0 = Release|Any CPU
		{610697A5-A034-46A0-80B3-4C124B36606B}.Debug|Any CPU.ActiveCfg = Debug|Any CPU
		{610697A5-A034-46A0-80B3-4C124B36606B}.Debug|Any CPU.Build.0 = Debug|Any CPU
		{610697A5-A034-46A0-80B3-4C124B36606B}.Release|Any CPU.ActiveCfg = Release|Any CPU
		{610697A5-A034-46A0-80B3-4C124B36606B}.Release|Any CPU.Build.0 = Release|Any CPU
	EndGlobalSection
	GlobalSection(SolutionProperties) = preSolution
		HideSolutionNode = FALSE
	EndGlobalSection
	GlobalSection(ExtensibilityGlobals) = postSolution
		SolutionGuid = {51F32441-57B9-4806-9CF6-937049B5D92E}
	EndGlobalSection
EndGlobal
