
Microsoft Visual Studio Solution File, Format Version 12.00
# Visual Studio Version 17
VisualStudioVersion = 17.1.32210.238
MinimumVisualStudioVersion = 10.0.40219.1
Project("{FAE04EC0-301F-11D3-BF4B-00C04F79EFBC}") = "1. Convert Meters to Kilometers", "1. Convert Meters to Kilometers\1. Convert Meters to Kilometers.csproj", "{117A9CDD-E11A-410B-A466-04570DB8C378}"
EndProject
Project("{FAE04EC0-301F-11D3-BF4B-00C04F79EFBC}") = "02. Pounds to Dollars", "02. Pounds to Dollars\02. Pounds to Dollars.csproj", "{758A88DA-BA66-4DA2-815C-CC1A00FA3AA4}"
EndProject
Project("{FAE04EC0-301F-11D3-BF4B-00C04F79EFBC}") = "03. Exact Sum of Real Numbers", "03. Exact Sum of Real Numbers\03. Exact Sum of Real Numbers.csproj", "{7DA4022D-11A2-490D-9069-AFECD6F39F70}"
EndProject
Project("{FAE04EC0-301F-11D3-BF4B-00C04F79EFBC}") = "04. Centuries to Minutes", "04. Centuries to Minutes\04. Centuries to Minutes.csproj", "{BC731AE6-C87B-4FE8-9D61-664962C39BCB}"
EndProject
Project("{FAE04EC0-301F-11D3-BF4B-00C04F79EFBC}") = "05. Special Numbers", "05. Special Numbers\05. Special Numbers.csproj", "{745873AA-B46F-4DC8-86C2-5609875DA798}"
EndProject
Project("{FAE04EC0-301F-11D3-BF4B-00C04F79EFBC}") = "06. Reversed Chars", "06. Reversed Chars\06. Reversed Chars.csproj", "{FD91D9AE-1DE0-41F2-BA0F-D1F01E733F24}"
EndProject
Project("{FAE04EC0-301F-11D3-BF4B-00C04F79EFBC}") = "07. Concat Names", "07. Concat Names\07. Concat Names.csproj", "{F8E14DD1-2BCD-471F-BDB9-59D7C67E698F}"
EndProject
Project("{FAE04EC0-301F-11D3-BF4B-00C04F79EFBC}") = "08. Town Info", "08. Town Info\08. Town Info.csproj", "{2DAAE642-4232-4449-9114-9B3CF253E181}"
EndProject
Project("{FAE04EC0-301F-11D3-BF4B-00C04F79EFBC}") = "09. Chars to String", "09. Chars to String\09. Chars to String.csproj", "{10058E1F-8DA4-434C-9D60-ACED76B0EC7C}"
EndProject
Project("{FAE04EC0-301F-11D3-BF4B-00C04F79EFBC}") = "10. Lower or Upper", "10. Lower or Upper\10. Lower or Upper.csproj", "{924B2CB2-20ED-4865-AF6F-2E4FAED00D9A}"
EndProject
Project("{FAE04EC0-301F-11D3-BF4B-00C04F79EFBC}") = "11. Refactor Volume of Pyramid", "11. Refactor Volume of Pyramid\11. Refactor Volume of Pyramid.csproj", "{7ED63DA7-5F8D-48B5-9725-9532BB31F9B6}"
EndProject
Project("{FAE04EC0-301F-11D3-BF4B-00C04F79EFBC}") = "12. Refactor Special Numbers", "12. Refactor Special Numbers\12. Refactor Special Numbers.csproj", "{5C72B688-7E31-4C4B-A781-FDD1D5B9831A}"
EndProject
Global
	GlobalSection(SolutionConfigurationPlatforms) = preSolution
		Debug|Any CPU = Debug|Any CPU
		Release|Any CPU = Release|Any CPU
	EndGlobalSection
	GlobalSection(ProjectConfigurationPlatforms) = postSolution
		{117A9CDD-E11A-410B-A466-04570DB8C378}.Debug|Any CPU.ActiveCfg = Debug|Any CPU
		{117A9CDD-E11A-410B-A466-04570DB8C378}.Debug|Any CPU.Build.0 = Debug|Any CPU
		{117A9CDD-E11A-410B-A466-04570DB8C378}.Release|Any CPU.ActiveCfg = Release|Any CPU
		{117A9CDD-E11A-410B-A466-04570DB8C378}.Release|Any CPU.Build.0 = Release|Any CPU
		{758A88DA-BA66-4DA2-815C-CC1A00FA3AA4}.Debug|Any CPU.ActiveCfg = Debug|Any CPU
		{758A88DA-BA66-4DA2-815C-CC1A00FA3AA4}.Debug|Any CPU.Build.0 = Debug|Any CPU
		{758A88DA-BA66-4DA2-815C-CC1A00FA3AA4}.Release|Any CPU.ActiveCfg = Release|Any CPU
		{758A88DA-BA66-4DA2-815C-CC1A00FA3AA4}.Release|Any CPU.Build.0 = Release|Any CPU
		{7DA4022D-11A2-490D-9069-AFECD6F39F70}.Debug|Any CPU.ActiveCfg = Debug|Any CPU
		{7DA4022D-11A2-490D-9069-AFECD6F39F70}.Debug|Any CPU.Build.0 = Debug|Any CPU
		{7DA4022D-11A2-490D-9069-AFECD6F39F70}.Release|Any CPU.ActiveCfg = Release|Any CPU
		{7DA4022D-11A2-490D-9069-AFECD6F39F70}.Release|Any CPU.Build.0 = Release|Any CPU
		{BC731AE6-C87B-4FE8-9D61-664962C39BCB}.Debug|Any CPU.ActiveCfg = Debug|Any CPU
		{BC731AE6-C87B-4FE8-9D61-664962C39BCB}.Debug|Any CPU.Build.0 = Debug|Any CPU
		{BC731AE6-C87B-4FE8-9D61-664962C39BCB}.Release|Any CPU.ActiveCfg = Release|Any CPU
		{BC731AE6-C87B-4FE8-9D61-664962C39BCB}.Release|Any CPU.Build.0 = Release|Any CPU
		{745873AA-B46F-4DC8-86C2-5609875DA798}.Debug|Any CPU.ActiveCfg = Debug|Any CPU
		{745873AA-B46F-4DC8-86C2-5609875DA798}.Debug|Any CPU.Build.0 = Debug|Any CPU
		{745873AA-B46F-4DC8-86C2-5609875DA798}.Release|Any CPU.ActiveCfg = Release|Any CPU
		{745873AA-B46F-4DC8-86C2-5609875DA798}.Release|Any CPU.Build.0 = Release|Any CPU
		{FD91D9AE-1DE0-41F2-BA0F-D1F01E733F24}.Debug|Any CPU.ActiveCfg = Debug|Any CPU
		{FD91D9AE-1DE0-41F2-BA0F-D1F01E733F24}.Debug|Any CPU.Build.0 = Debug|Any CPU
		{FD91D9AE-1DE0-41F2-BA0F-D1F01E733F24}.Release|Any CPU.ActiveCfg = Release|Any CPU
		{FD91D9AE-1DE0-41F2-BA0F-D1F01E733F24}.Release|Any CPU.Build.0 = Release|Any CPU
		{F8E14DD1-2BCD-471F-BDB9-59D7C67E698F}.Debug|Any CPU.ActiveCfg = Debug|Any CPU
		{F8E14DD1-2BCD-471F-BDB9-59D7C67E698F}.Debug|Any CPU.Build.0 = Debug|Any CPU
		{F8E14DD1-2BCD-471F-BDB9-59D7C67E698F}.Release|Any CPU.ActiveCfg = Release|Any CPU
		{F8E14DD1-2BCD-471F-BDB9-59D7C67E698F}.Release|Any CPU.Build.0 = Release|Any CPU
		{2DAAE642-4232-4449-9114-9B3CF253E181}.Debug|Any CPU.ActiveCfg = Debug|Any CPU
		{2DAAE642-4232-4449-9114-9B3CF253E181}.Debug|Any CPU.Build.0 = Debug|Any CPU
		{2DAAE642-4232-4449-9114-9B3CF253E181}.Release|Any CPU.ActiveCfg = Release|Any CPU
		{2DAAE642-4232-4449-9114-9B3CF253E181}.Release|Any CPU.Build.0 = Release|Any CPU
		{10058E1F-8DA4-434C-9D60-ACED76B0EC7C}.Debug|Any CPU.ActiveCfg = Debug|Any CPU
		{10058E1F-8DA4-434C-9D60-ACED76B0EC7C}.Debug|Any CPU.Build.0 = Debug|Any CPU
		{10058E1F-8DA4-434C-9D60-ACED76B0EC7C}.Release|Any CPU.ActiveCfg = Release|Any CPU
		{10058E1F-8DA4-434C-9D60-ACED76B0EC7C}.Release|Any CPU.Build.0 = Release|Any CPU
		{924B2CB2-20ED-4865-AF6F-2E4FAED00D9A}.Debug|Any CPU.ActiveCfg = Debug|Any CPU
		{924B2CB2-20ED-4865-AF6F-2E4FAED00D9A}.Debug|Any CPU.Build.0 = Debug|Any CPU
		{924B2CB2-20ED-4865-AF6F-2E4FAED00D9A}.Release|Any CPU.ActiveCfg = Release|Any CPU
		{924B2CB2-20ED-4865-AF6F-2E4FAED00D9A}.Release|Any CPU.Build.0 = Release|Any CPU
		{7ED63DA7-5F8D-48B5-9725-9532BB31F9B6}.Debug|Any CPU.ActiveCfg = Debug|Any CPU
		{7ED63DA7-5F8D-48B5-9725-9532BB31F9B6}.Debug|Any CPU.Build.0 = Debug|Any CPU
		{7ED63DA7-5F8D-48B5-9725-9532BB31F9B6}.Release|Any CPU.ActiveCfg = Release|Any CPU
		{7ED63DA7-5F8D-48B5-9725-9532BB31F9B6}.Release|Any CPU.Build.0 = Release|Any CPU
		{5C72B688-7E31-4C4B-A781-FDD1D5B9831A}.Debug|Any CPU.ActiveCfg = Debug|Any CPU
		{5C72B688-7E31-4C4B-A781-FDD1D5B9831A}.Debug|Any CPU.Build.0 = Debug|Any CPU
		{5C72B688-7E31-4C4B-A781-FDD1D5B9831A}.Release|Any CPU.ActiveCfg = Release|Any CPU
		{5C72B688-7E31-4C4B-A781-FDD1D5B9831A}.Release|Any CPU.Build.0 = Release|Any CPU
	EndGlobalSection
	GlobalSection(SolutionProperties) = preSolution
		HideSolutionNode = FALSE
	EndGlobalSection
	GlobalSection(ExtensibilityGlobals) = postSolution
		SolutionGuid = {82FB4AE7-4ECE-4CE8-8AB4-2836DD1A4F06}
	EndGlobalSection
EndGlobal
